
Microsoft Visual Studio Solution File, Format Version 12.00
Project("{FAE04EC0-301F-11D3-BF4B-00C04F79EFBC}") = "SlashPineTech.Forestry.ServiceModules", "src\SlashPineTech.Forestry.ServiceModules\SlashPineTech.Forestry.ServiceModules.csproj", "{CCC9415B-89D0-4526-9767-270F34D103D9}"
EndProject
Project("{FAE04EC0-301F-11D3-BF4B-00C04F79EFBC}") = "SlashPineTech.Forestry.ServiceModules.Tests", "tests\SlashPineTech.Forestry.ServiceModules.Tests\SlashPineTech.Forestry.ServiceModules.Tests.csproj", "{86A3B0BA-20F8-4696-BA51-96515B8FF4CC}"
EndProject
Global
	GlobalSection(SolutionConfigurationPlatforms) = preSolution
		Debug|Any CPU = Debug|Any CPU
		Release|Any CPU = Release|Any CPU
	EndGlobalSection
	GlobalSection(ProjectConfigurationPlatforms) = postSolution
		{CCC9415B-89D0-4526-9767-270F34D103D9}.Debug|Any CPU.ActiveCfg = Debug|Any CPU
		{CCC9415B-89D0-4526-9767-270F34D103D9}.Debug|Any CPU.Build.0 = Debug|Any CPU
		{CCC9415B-89D0-4526-9767-270F34D103D9}.Release|Any CPU.ActiveCfg = Release|Any CPU
		{CCC9415B-89D0-4526-9767-270F34D103D9}.Release|Any CPU.Build.0 = Release|Any CPU
		{86A3B0BA-20F8-4696-BA51-96515B8FF4CC}.Debug|Any CPU.ActiveCfg = Debug|Any CPU
		{86A3B0BA-20F8-4696-BA51-96515B8FF4CC}.Debug|Any CPU.Build.0 = Debug|Any CPU
		{86A3B0BA-20F8-4696-BA51-96515B8FF4CC}.Release|Any CPU.ActiveCfg = Release|Any CPU
		{86A3B0BA-20F8-4696-BA51-96515B8FF4CC}.Release|Any CPU.Build.0 = Release|Any CPU
	EndGlobalSection
EndGlobal
